Microsoft Visual Studio Solution File, Format Version 12.00
# Visual Studio Version 17
VisualStudioVersion = 17.5.2.0
MinimumVisualStudioVersion = 10.0.40219.1
Project("{FAE04EC0-301F-11D3-BF4B-00C04F79EFBC}") = "Capitulo1", "Capitulo1\Capitulo1.csproj", "{F2E05FE1-53F0-FC28-2716-670F604D9178}"
EndProject
Global
	GlobalSection(SolutionConfigurationPlatforms) = preSolution
		Debug|Any CPU = Debug|Any CPU
		Release|Any CPU = Release|Any CPU
	EndGlobalSection
	GlobalSection(ProjectConfigurationPlatforms) = postSolution
		{F2E05FE1-53F0-FC28-2716-670F604D9178}.Debug|Any CPU.ActiveCfg = Debug|Any CPU
		{F2E05FE1-53F0-FC28-2716-670F604D9178}.Debug|Any CPU.Build.0 = Debug|Any CPU
		{F2E05FE1-53F0-FC28-2716-670F604D9178}.Release|Any CPU.ActiveCfg = Release|Any CPU
		{F2E05FE1-53F0-FC28-2716-670F604D9178}.Release|Any CPU.Build.0 = Release|Any CPU
	EndGlobalSection
	GlobalSection(SolutionProperties) = preSolution
		HideSolutionNode = FALSE
	EndGlobalSection
	GlobalSection(ExtensibilityGlobals) = postSolution
		SolutionGuid = {B4BCFFC9-F776-40E6-9C63-7F8E928B4F14}
	EndGlobalSection
EndGlobal
